{
  "name": "ecomerce",
  "lockfileVersion": 3,
  "requires": true,
  "packages": {
    "": {
      "dependencies": {
        "create-vite": "^5.5.3"
      }
    },
    "node_modules/create-vite": {
      "version": "5.5.3",
      "resolved": "https://registry.npmjs.org/create-vite/-/create-vite-5.5.3.tgz",
      "integrity": "sha512-7ooDS8IsvxMd8axuA70makifVe9Oo5Pa/oTh8ykClKSYbpSbIAZF/pkitv3yWe8OKcJGyLWuta/touAsr4qang==",
      "license": "MIT",
      "bin": {
        "create-vite": "index.js",
        "cva": "index.js"
      },
      "engines": {
        "node": "^18.0.0 || >=20.0.0"
      },
      "funding": {
        "url": "https://github.com/vitejs/vite?sponsor=1"
      }
    }
  }
}
